
Microsoft Visual Studio Solution File, Format Version 11.00
# Visual Studio 2010
Project("{FAE04EC0-301F-11D3-BF4B-00C04F79EFBC}") = "TreeViewSelect", "TreeViewSelect\TreeViewSelect.csproj", "{018AD092-462A-4D2B-A7CB-F0E35F9461A1}"
EndProject
Global
	GlobalSection(SolutionConfigurationPlatforms) = preSolution
		Debug|x86 = Debug|x86
		Release|x86 = Release|x86
	EndGlobalSection
	GlobalSection(ProjectConfigurationPlatforms) = postSolution
		{018AD092-462A-4D2B-A7CB-F0E35F9461A1}.Debug|x86.ActiveCfg = Debug|x86
		{018AD092-462A-4D2B-A7CB-F0E35F9461A1}.Debug|x86.Build.0 = Debug|x86
		{018AD092-462A-4D2B-A7CB-F0E35F9461A1}.Release|x86.ActiveCfg = Release|x86
		{018AD092-462A-4D2B-A7CB-F0E35F9461A1}.Release|x86.Build.0 = Release|x86
	EndGlobalSection
	GlobalSection(SolutionProperties) = preSolution
		HideSolutionNode = FALSE
	EndGlobalSection
EndGlobal
