
Microsoft Visual Studio Solution File, Format Version 11.00
# Visual Studio 2010
Project("{FAE04EC0-301F-11D3-BF4B-00C04F79EFBC}") = "Enumerable", "Enumerable\Enumerable.csproj", "{9AC89B03-EC14-4ECE-84A8-AB782989954E}"
EndProject
Global
	GlobalSection(SolutionConfigurationPlatforms) = preSolution
		Debug|x86 = Debug|x86
		Release|x86 = Release|x86
	EndGlobalSection
	GlobalSection(ProjectConfigurationPlatforms) = postSolution
		{9AC89B03-EC14-4ECE-84A8-AB782989954E}.Debug|x86.ActiveCfg = Debug|x86
		{9AC89B03-EC14-4ECE-84A8-AB782989954E}.Debug|x86.Build.0 = Debug|x86
		{9AC89B03-EC14-4ECE-84A8-AB782989954E}.Release|x86.ActiveCfg = Release|x86
		{9AC89B03-EC14-4ECE-84A8-AB782989954E}.Release|x86.Build.0 = Release|x86
	EndGlobalSection
	GlobalSection(SolutionProperties) = preSolution
		HideSolutionNode = FALSE
	EndGlobalSection
EndGlobal
