
Microsoft Visual Studio Solution File, Format Version 11.00
# Visual Studio 2010
Project("{FAE04EC0-301F-11D3-BF4B-00C04F79EFBC}") = "ClickEvent", "ClickEvent\ClickEvent.csproj", "{C803344D-66C4-4041-9008-D89307E04966}"
EndProject
Global
	GlobalSection(SolutionConfigurationPlatforms) = preSolution
		Debug|x86 = Debug|x86
		Release|x86 = Release|x86
	EndGlobalSection
	GlobalSection(ProjectConfigurationPlatforms) = postSolution
		{C803344D-66C4-4041-9008-D89307E04966}.Debug|x86.ActiveCfg = Debug|x86
		{C803344D-66C4-4041-9008-D89307E04966}.Debug|x86.Build.0 = Debug|x86
		{C803344D-66C4-4041-9008-D89307E04966}.Release|x86.ActiveCfg = Release|x86
		{C803344D-66C4-4041-9008-D89307E04966}.Release|x86.Build.0 = Release|x86
	EndGlobalSection
	GlobalSection(SolutionProperties) = preSolution
		HideSolutionNode = FALSE
	EndGlobalSection
EndGlobal
