
Microsoft Visual Studio Solution File, Format Version 11.00
# Visual Studio 2010
Project("{FAE04EC0-301F-11D3-BF4B-00C04F79EFBC}") = "QuestionDialog", "QuestionDialog\QuestionDialog.csproj", "{FECFA57F-76F2-4E53-B7FC-D62B3EEB045A}"
EndProject
Global
	GlobalSection(SolutionConfigurationPlatforms) = preSolution
		Debug|x86 = Debug|x86
		Release|x86 = Release|x86
	EndGlobalSection
	GlobalSection(ProjectConfigurationPlatforms) = postSolution
		{FECFA57F-76F2-4E53-B7FC-D62B3EEB045A}.Debug|x86.ActiveCfg = Debug|x86
		{FECFA57F-76F2-4E53-B7FC-D62B3EEB045A}.Debug|x86.Build.0 = Debug|x86
		{FECFA57F-76F2-4E53-B7FC-D62B3EEB045A}.Release|x86.ActiveCfg = Release|x86
		{FECFA57F-76F2-4E53-B7FC-D62B3EEB045A}.Release|x86.Build.0 = Release|x86
	EndGlobalSection
	GlobalSection(SolutionProperties) = preSolution
		HideSolutionNode = FALSE
	EndGlobalSection
EndGlobal
