
Microsoft Visual Studio Solution File, Format Version 12.00
# Visual Studio Version 16
VisualStudioVersion = 16.0.30330.147
MinimumVisualStudioVersion = 10.0.40219.1
Project("{FAE04EC0-301F-11D3-BF4B-00C04F79EFBC}") = "NullCoalescing", "NullCoalescing\NullCoalescing.csproj", "{D101171A-0EC1-4B76-99B0-264CD84C6DFF}"
EndProject
Global
	GlobalSection(SolutionConfigurationPlatforms) = preSolution
		Debug|Any CPU = Debug|Any CPU
		Release|Any CPU = Release|Any CPU
	EndGlobalSection
	GlobalSection(ProjectConfigurationPlatforms) = postSolution
		{D101171A-0EC1-4B76-99B0-264CD84C6DFF}.Debug|Any CPU.ActiveCfg = Debug|Any CPU
		{D101171A-0EC1-4B76-99B0-264CD84C6DFF}.Debug|Any CPU.Build.0 = Debug|Any CPU
		{D101171A-0EC1-4B76-99B0-264CD84C6DFF}.Release|Any CPU.ActiveCfg = Release|Any CPU
		{D101171A-0EC1-4B76-99B0-264CD84C6DFF}.Release|Any CPU.Build.0 = Release|Any CPU
	EndGlobalSection
	GlobalSection(SolutionProperties) = preSolution
		HideSolutionNode = FALSE
	EndGlobalSection
	GlobalSection(ExtensibilityGlobals) = postSolution
		SolutionGuid = {D7F9C24B-2DE0-40AF-94C6-787D51664EC8}
	EndGlobalSection
EndGlobal
