
Microsoft Visual Studio Solution File, Format Version 11.00
# Visual Studio 2010
Project("{FAE04EC0-301F-11D3-BF4B-00C04F79EFBC}") = "ConstructorWithProperty", "ConstructorWithProperty\ConstructorWithProperty.csproj", "{9325E1C2-1146-436C-8632-164034A51E3B}"
EndProject
Global
	GlobalSection(SolutionConfigurationPlatforms) = preSolution
		Debug|x86 = Debug|x86
		Release|x86 = Release|x86
	EndGlobalSection
	GlobalSection(ProjectConfigurationPlatforms) = postSolution
		{9325E1C2-1146-436C-8632-164034A51E3B}.Debug|x86.ActiveCfg = Debug|x86
		{9325E1C2-1146-436C-8632-164034A51E3B}.Debug|x86.Build.0 = Debug|x86
		{9325E1C2-1146-436C-8632-164034A51E3B}.Release|x86.ActiveCfg = Release|x86
		{9325E1C2-1146-436C-8632-164034A51E3B}.Release|x86.Build.0 = Release|x86
	EndGlobalSection
	GlobalSection(SolutionProperties) = preSolution
		HideSolutionNode = FALSE
	EndGlobalSection
EndGlobal
