
Microsoft Visual Studio Solution File, Format Version 12.00
# Visual Studio Version 16
VisualStudioVersion = 16.0.29806.167
MinimumVisualStudioVersion = 10.0.40219.1
Project("{FAE04EC0-301F-11D3-BF4B-00C04F79EFBC}") = "problem05", "problem05.csproj", "{FC10B6D9-A9D2-407F-9617-C9C425BFC3A6}"
EndProject
Global
	GlobalSection(SolutionConfigurationPlatforms) = preSolution
		Debug|Any CPU = Debug|Any CPU
		Release|Any CPU = Release|Any CPU
	EndGlobalSection
	GlobalSection(ProjectConfigurationPlatforms) = postSolution
		{FC10B6D9-A9D2-407F-9617-C9C425BFC3A6}.Debug|Any CPU.ActiveCfg = Debug|Any CPU
		{FC10B6D9-A9D2-407F-9617-C9C425BFC3A6}.Debug|Any CPU.Build.0 = Debug|Any CPU
		{FC10B6D9-A9D2-407F-9617-C9C425BFC3A6}.Release|Any CPU.ActiveCfg = Release|Any CPU
		{FC10B6D9-A9D2-407F-9617-C9C425BFC3A6}.Release|Any CPU.Build.0 = Release|Any CPU
	EndGlobalSection
	GlobalSection(SolutionProperties) = preSolution
		HideSolutionNode = FALSE
	EndGlobalSection
	GlobalSection(ExtensibilityGlobals) = postSolution
		SolutionGuid = {9650A06C-28A1-4566-B06A-24832A78BE06}
	EndGlobalSection
EndGlobal
