
Microsoft Visual Studio Solution File, Format Version 11.00
# Visual Studio 2010
Project("{FAE04EC0-301F-11D3-BF4B-00C04F79EFBC}") = "FromFrom", "FromFrom\FromFrom.csproj", "{6998A5F7-80B6-4466-B6E9-0012BA72F67F}"
EndProject
Global
	GlobalSection(SolutionConfigurationPlatforms) = preSolution
		Debug|x86 = Debug|x86
		Release|x86 = Release|x86
	EndGlobalSection
	GlobalSection(ProjectConfigurationPlatforms) = postSolution
		{6998A5F7-80B6-4466-B6E9-0012BA72F67F}.Debug|x86.ActiveCfg = Debug|x86
		{6998A5F7-80B6-4466-B6E9-0012BA72F67F}.Debug|x86.Build.0 = Debug|x86
		{6998A5F7-80B6-4466-B6E9-0012BA72F67F}.Release|x86.ActiveCfg = Release|x86
		{6998A5F7-80B6-4466-B6E9-0012BA72F67F}.Release|x86.Build.0 = Release|x86
	EndGlobalSection
	GlobalSection(SolutionProperties) = preSolution
		HideSolutionNode = FALSE
	EndGlobalSection
EndGlobal
