
Microsoft Visual Studio Solution File, Format Version 11.00
# Visual Studio 2010
Project("{FAE04EC0-301F-11D3-BF4B-00C04F79EFBC}") = "SelectMethod", "SelectMethod\SelectMethod.csproj", "{6E01E7EE-A53C-430F-A592-299B297A16DA}"
EndProject
Global
	GlobalSection(SolutionConfigurationPlatforms) = preSolution
		Debug|x86 = Debug|x86
		Release|x86 = Release|x86
	EndGlobalSection
	GlobalSection(ProjectConfigurationPlatforms) = postSolution
		{6E01E7EE-A53C-430F-A592-299B297A16DA}.Debug|x86.ActiveCfg = Debug|x86
		{6E01E7EE-A53C-430F-A592-299B297A16DA}.Debug|x86.Build.0 = Debug|x86
		{6E01E7EE-A53C-430F-A592-299B297A16DA}.Release|x86.ActiveCfg = Release|x86
		{6E01E7EE-A53C-430F-A592-299B297A16DA}.Release|x86.Build.0 = Release|x86
	EndGlobalSection
	GlobalSection(SolutionProperties) = preSolution
		HideSolutionNode = FALSE
	EndGlobalSection
EndGlobal
