
Microsoft Visual Studio Solution File, Format Version 12.00
# Visual Studio 15
VisualStudioVersion = 15.0.28307.1022
MinimumVisualStudioVersion = 10.0.40219.1
Project("{FAE04EC0-301F-11D3-BF4B-00C04F79EFBC}") = "MyFirstApp", "MyFirstApp\MyFirstApp.csproj", "{DDEACEC3-442D-4826-92CE-9266C7D2480C}"
EndProject
Global
	GlobalSection(SolutionConfigurationPlatforms) = preSolution
		Debug|Any CPU = Debug|Any CPU
		Release|Any CPU = Release|Any CPU
	EndGlobalSection
	GlobalSection(ProjectConfigurationPlatforms) = postSolution
		{DDEACEC3-442D-4826-92CE-9266C7D2480C}.Debug|Any CPU.ActiveCfg = Debug|Any CPU
		{DDEACEC3-442D-4826-92CE-9266C7D2480C}.Debug|Any CPU.Build.0 = Debug|Any CPU
		{DDEACEC3-442D-4826-92CE-9266C7D2480C}.Release|Any CPU.ActiveCfg = Release|Any CPU
		{DDEACEC3-442D-4826-92CE-9266C7D2480C}.Release|Any CPU.Build.0 = Release|Any CPU
	EndGlobalSection
	GlobalSection(SolutionProperties) = preSolution
		HideSolutionNode = FALSE
	EndGlobalSection
	GlobalSection(ExtensibilityGlobals) = postSolution
		SolutionGuid = {868F2A4C-42B9-47EA-B2F4-942402136112}
	EndGlobalSection
EndGlobal
