
Microsoft Visual Studio Solution File, Format Version 11.00
# Visual Studio 2010
Project("{FAE04EC0-301F-11D3-BF4B-00C04F79EFBC}") = "001_Human", "001_Human\001_Human.csproj", "{872B3757-FA09-4AEB-8BB6-91C611B87943}"
EndProject
Global
	GlobalSection(SolutionConfigurationPlatforms) = preSolution
		Debug|x86 = Debug|x86
		Release|x86 = Release|x86
	EndGlobalSection
	GlobalSection(ProjectConfigurationPlatforms) = postSolution
		{872B3757-FA09-4AEB-8BB6-91C611B87943}.Debug|x86.ActiveCfg = Debug|x86
		{872B3757-FA09-4AEB-8BB6-91C611B87943}.Debug|x86.Build.0 = Debug|x86
		{872B3757-FA09-4AEB-8BB6-91C611B87943}.Release|x86.ActiveCfg = Release|x86
		{872B3757-FA09-4AEB-8BB6-91C611B87943}.Release|x86.Build.0 = Release|x86
	EndGlobalSection
	GlobalSection(SolutionProperties) = preSolution
		HideSolutionNode = FALSE
	EndGlobalSection
EndGlobal
