
Microsoft Visual Studio Solution File, Format Version 11.00
# Visual Studio 2010
Project("{FAE04EC0-301F-11D3-BF4B-00C04F79EFBC}") = "AnonymousMethod", "AnonymousMethod\AnonymousMethod.csproj", "{D86F5158-20D7-4369-8A4C-CBA3AD0464BD}"
EndProject
Global
	GlobalSection(SolutionConfigurationPlatforms) = preSolution
		Debug|x86 = Debug|x86
		Release|x86 = Release|x86
	EndGlobalSection
	GlobalSection(ProjectConfigurationPlatforms) = postSolution
		{D86F5158-20D7-4369-8A4C-CBA3AD0464BD}.Debug|x86.ActiveCfg = Debug|x86
		{D86F5158-20D7-4369-8A4C-CBA3AD0464BD}.Debug|x86.Build.0 = Debug|x86
		{D86F5158-20D7-4369-8A4C-CBA3AD0464BD}.Release|x86.ActiveCfg = Release|x86
		{D86F5158-20D7-4369-8A4C-CBA3AD0464BD}.Release|x86.Build.0 = Release|x86
	EndGlobalSection
	GlobalSection(SolutionProperties) = preSolution
		HideSolutionNode = FALSE
	EndGlobalSection
EndGlobal
