
Microsoft Visual Studio Solution File, Format Version 12.00
# Visual Studio Version 16
VisualStudioVersion = 16.0.30330.147
MinimumVisualStudioVersion = 10.0.40219.1
Project("{FAE04EC0-301F-11D3-BF4B-00C04F79EFBC}") = "InfiniteWhile", "InfiniteWhile.csproj", "{B5115385-95E9-480C-8239-56DD8918FCAB}"
EndProject
Global
	GlobalSection(SolutionConfigurationPlatforms) = preSolution
		Debug|Any CPU = Debug|Any CPU
		Release|Any CPU = Release|Any CPU
	EndGlobalSection
	GlobalSection(ProjectConfigurationPlatforms) = postSolution
		{B5115385-95E9-480C-8239-56DD8918FCAB}.Debug|Any CPU.ActiveCfg = Debug|Any CPU
		{B5115385-95E9-480C-8239-56DD8918FCAB}.Debug|Any CPU.Build.0 = Debug|Any CPU
		{B5115385-95E9-480C-8239-56DD8918FCAB}.Release|Any CPU.ActiveCfg = Release|Any CPU
		{B5115385-95E9-480C-8239-56DD8918FCAB}.Release|Any CPU.Build.0 = Release|Any CPU
	EndGlobalSection
	GlobalSection(SolutionProperties) = preSolution
		HideSolutionNode = FALSE
	EndGlobalSection
	GlobalSection(ExtensibilityGlobals) = postSolution
		SolutionGuid = {881CE2C2-171B-4C42-9CA2-7EABA05ABE6C}
	EndGlobalSection
EndGlobal
