
Microsoft Visual Studio Solution File, Format Version 12.00
# Visual Studio Version 16
VisualStudioVersion = 16.0.30330.147
MinimumVisualStudioVersion = 10.0.40219.1
Project("{FAE04EC0-301F-11D3-BF4B-00C04F79EFBC}") = "IfElse", "IfElse\IfElse.csproj", "{B515E837-290F-4C27-B1F4-B4E0B829775D}"
EndProject
Global
	GlobalSection(SolutionConfigurationPlatforms) = preSolution
		Debug|Any CPU = Debug|Any CPU
		Release|Any CPU = Release|Any CPU
	EndGlobalSection
	GlobalSection(ProjectConfigurationPlatforms) = postSolution
		{B515E837-290F-4C27-B1F4-B4E0B829775D}.Debug|Any CPU.ActiveCfg = Debug|Any CPU
		{B515E837-290F-4C27-B1F4-B4E0B829775D}.Debug|Any CPU.Build.0 = Debug|Any CPU
		{B515E837-290F-4C27-B1F4-B4E0B829775D}.Release|Any CPU.ActiveCfg = Release|Any CPU
		{B515E837-290F-4C27-B1F4-B4E0B829775D}.Release|Any CPU.Build.0 = Release|Any CPU
	EndGlobalSection
	GlobalSection(SolutionProperties) = preSolution
		HideSolutionNode = FALSE
	EndGlobalSection
	GlobalSection(ExtensibilityGlobals) = postSolution
		SolutionGuid = {5D487FE5-CE37-4C25-BF87-D06D0B7A3E45}
	EndGlobalSection
EndGlobal
