
Microsoft Visual Studio Solution File, Format Version 11.00
# Visual Studio 2010
Project("{FAE04EC0-301F-11D3-BF4B-00C04F79EFBC}") = "problem05", "problem05\problem05.csproj", "{453B165D-2F0C-47C4-AC7C-5A58C76D48B0}"
EndProject
Global
	GlobalSection(SolutionConfigurationPlatforms) = preSolution
		Debug|x86 = Debug|x86
		Release|x86 = Release|x86
	EndGlobalSection
	GlobalSection(ProjectConfigurationPlatforms) = postSolution
		{453B165D-2F0C-47C4-AC7C-5A58C76D48B0}.Debug|x86.ActiveCfg = Debug|x86
		{453B165D-2F0C-47C4-AC7C-5A58C76D48B0}.Debug|x86.Build.0 = Debug|x86
		{453B165D-2F0C-47C4-AC7C-5A58C76D48B0}.Release|x86.ActiveCfg = Release|x86
		{453B165D-2F0C-47C4-AC7C-5A58C76D48B0}.Release|x86.Build.0 = Release|x86
	EndGlobalSection
	GlobalSection(SolutionProperties) = preSolution
		HideSolutionNode = FALSE
	EndGlobalSection
EndGlobal
