
Microsoft Visual Studio Solution File, Format Version 12.00
# Visual Studio Version 16
VisualStudioVersion = 16.0.29806.167
MinimumVisualStudioVersion = 10.0.40219.1
Project("{FAE04EC0-301F-11D3-BF4B-00C04F79EFBC}") = "SignedUnsinged", "SignedUnsinged.csproj", "{480BE026-F392-43A4-A54F-AC439030D6AA}"
EndProject
Global
	GlobalSection(SolutionConfigurationPlatforms) = preSolution
		Debug|Any CPU = Debug|Any CPU
		Release|Any CPU = Release|Any CPU
	EndGlobalSection
	GlobalSection(ProjectConfigurationPlatforms) = postSolution
		{480BE026-F392-43A4-A54F-AC439030D6AA}.Debug|Any CPU.ActiveCfg = Debug|Any CPU
		{480BE026-F392-43A4-A54F-AC439030D6AA}.Debug|Any CPU.Build.0 = Debug|Any CPU
		{480BE026-F392-43A4-A54F-AC439030D6AA}.Release|Any CPU.ActiveCfg = Release|Any CPU
		{480BE026-F392-43A4-A54F-AC439030D6AA}.Release|Any CPU.Build.0 = Release|Any CPU
	EndGlobalSection
	GlobalSection(SolutionProperties) = preSolution
		HideSolutionNode = FALSE
	EndGlobalSection
	GlobalSection(ExtensibilityGlobals) = postSolution
		SolutionGuid = {EE8D3742-2282-4FD5-8B98-A4BB17362130}
	EndGlobalSection
EndGlobal
