
Microsoft Visual Studio Solution File, Format Version 11.00
# Visual Studio 2010
Project("{FAE04EC0-301F-11D3-BF4B-00C04F79EFBC}") = "UsingCallback", "UsingCallback\UsingCallback.csproj", "{4345A9A4-4236-4763-B478-2EE624753A3C}"
EndProject
Global
	GlobalSection(SolutionConfigurationPlatforms) = preSolution
		Debug|x86 = Debug|x86
		Release|x86 = Release|x86
	EndGlobalSection
	GlobalSection(ProjectConfigurationPlatforms) = postSolution
		{4345A9A4-4236-4763-B478-2EE624753A3C}.Debug|x86.ActiveCfg = Debug|x86
		{4345A9A4-4236-4763-B478-2EE624753A3C}.Debug|x86.Build.0 = Debug|x86
		{4345A9A4-4236-4763-B478-2EE624753A3C}.Release|x86.ActiveCfg = Release|x86
		{4345A9A4-4236-4763-B478-2EE624753A3C}.Release|x86.Build.0 = Release|x86
	EndGlobalSection
	GlobalSection(SolutionProperties) = preSolution
		HideSolutionNode = FALSE
	EndGlobalSection
EndGlobal
