
Microsoft Visual Studio Solution File, Format Version 12.00
# Visual Studio 15
VisualStudioVersion = 15.0.28307.1169
MinimumVisualStudioVersion = 10.0.40219.1
Project("{FAE04EC0-301F-11D3-BF4B-00C04F79EFBC}") = "StringFormatNumber", "StringFormatNumber\StringFormatNumber.csproj", "{8624C049-65E1-406E-BB00-00A02AF1D637}"
EndProject
Global
	GlobalSection(SolutionConfigurationPlatforms) = preSolution
		Debug|Any CPU = Debug|Any CPU
		Release|Any CPU = Release|Any CPU
	EndGlobalSection
	GlobalSection(ProjectConfigurationPlatforms) = postSolution
		{8624C049-65E1-406E-BB00-00A02AF1D637}.Debug|Any CPU.ActiveCfg = Debug|Any CPU
		{8624C049-65E1-406E-BB00-00A02AF1D637}.Debug|Any CPU.Build.0 = Debug|Any CPU
		{8624C049-65E1-406E-BB00-00A02AF1D637}.Release|Any CPU.ActiveCfg = Release|Any CPU
		{8624C049-65E1-406E-BB00-00A02AF1D637}.Release|Any CPU.Build.0 = Release|Any CPU
	EndGlobalSection
	GlobalSection(SolutionProperties) = preSolution
		HideSolutionNode = FALSE
	EndGlobalSection
	GlobalSection(ExtensibilityGlobals) = postSolution
		SolutionGuid = {85D7B1EC-65A9-487B-A7AE-C8FB662388F2}
	EndGlobalSection
EndGlobal
