
Microsoft Visual Studio Solution File, Format Version 12.00
# Visual Studio Version 16
VisualStudioVersion = 16.0.29806.167
MinimumVisualStudioVersion = 10.0.40219.1
Project("{FAE04EC0-301F-11D3-BF4B-00C04F79EFBC}") = "Book_01", "Book_01\Book_01.csproj", "{B9919A66-449B-4DA9-8CAC-BED3B6198858}"
EndProject
Project("{2150E333-8FDC-42A3-9474-1A3956D46DE8}") = "Text", "Text", "{25D407E0-1B24-4B72-8AED-68122BFFD78C}"
	ProjectSection(SolutionItems) = preProject
		ch01.txt = ch01.txt
		ch02.txt = ch02.txt
	EndProjectSection
EndProject
Project("{FAE04EC0-301F-11D3-BF4B-00C04F79EFBC}") = "RoadBook.CsharpBasic.Chapter01", "RoadBook.CsharpBasic.Chapter01\RoadBook.CsharpBasic.Chapter01.csproj", "{723DE344-2BED-4D69-A05A-1F51B61496D2}"
EndProject
Project("{FAE04EC0-301F-11D3-BF4B-00C04F79EFBC}") = "RoadBook.CsharpBasic.Chapter02", "RoadBook.CsharpBasic.Chapter02.Examples\RoadBook.CsharpBasic.Chapter02.csproj", "{3E44D66B-1C32-4455-80E9-D8FF81562132}"
EndProject
Project("{FAE04EC0-301F-11D3-BF4B-00C04F79EFBC}") = "RoadBook.CsharpBasic.Chapter03", "RoadBook.CsharpBasic.Chapter03\RoadBook.CsharpBasic.Chapter03.csproj", "{B5BCA785-E306-4866-A686-3E2BC9EDA7CF}"
EndProject
Global
	GlobalSection(SolutionConfigurationPlatforms) = preSolution
		Debug|Any CPU = Debug|Any CPU
		Debug|x64 = Debug|x64
		Debug|x86 = Debug|x86
		Release|Any CPU = Release|Any CPU
		Release|x64 = Release|x64
		Release|x86 = Release|x86
	EndGlobalSection
	GlobalSection(ProjectConfigurationPlatforms) = postSolution
		{B9919A66-449B-4DA9-8CAC-BED3B6198858}.Debug|Any CPU.ActiveCfg = Debug|Any CPU
		{B9919A66-449B-4DA9-8CAC-BED3B6198858}.Debug|Any CPU.Build.0 = Debug|Any CPU
		{B9919A66-449B-4DA9-8CAC-BED3B6198858}.Debug|x64.ActiveCfg = Debug|Any CPU
		{B9919A66-449B-4DA9-8CAC-BED3B6198858}.Debug|x64.Build.0 = Debug|Any CPU
		{B9919A66-449B-4DA9-8CAC-BED3B6198858}.Debug|x86.ActiveCfg = Debug|Any CPU
		{B9919A66-449B-4DA9-8CAC-BED3B6198858}.Debug|x86.Build.0 = Debug|Any CPU
		{B9919A66-449B-4DA9-8CAC-BED3B6198858}.Release|Any CPU.ActiveCfg = Release|Any CPU
		{B9919A66-449B-4DA9-8CAC-BED3B6198858}.Release|Any CPU.Build.0 = Release|Any CPU
		{B9919A66-449B-4DA9-8CAC-BED3B6198858}.Release|x64.ActiveCfg = Release|Any CPU
		{B9919A66-449B-4DA9-8CAC-BED3B6198858}.Release|x64.Build.0 = Release|Any CPU
		{B9919A66-449B-4DA9-8CAC-BED3B6198858}.Release|x86.ActiveCfg = Release|Any CPU
		{B9919A66-449B-4DA9-8CAC-BED3B6198858}.Release|x86.Build.0 = Release|Any CPU
		{723DE344-2BED-4D69-A05A-1F51B61496D2}.Debug|Any CPU.ActiveCfg = Debug|Any CPU
		{723DE344-2BED-4D69-A05A-1F51B61496D2}.Debug|Any CPU.Build.0 = Debug|Any CPU
		{723DE344-2BED-4D69-A05A-1F51B61496D2}.Debug|x64.ActiveCfg = Debug|Any CPU
		{723DE344-2BED-4D69-A05A-1F51B61496D2}.Debug|x64.Build.0 = Debug|Any CPU
		{723DE344-2BED-4D69-A05A-1F51B61496D2}.Debug|x86.ActiveCfg = Debug|Any CPU
		{723DE344-2BED-4D69-A05A-1F51B61496D2}.Debug|x86.Build.0 = Debug|Any CPU
		{723DE344-2BED-4D69-A05A-1F51B61496D2}.Release|Any CPU.ActiveCfg = Release|Any CPU
		{723DE344-2BED-4D69-A05A-1F51B61496D2}.Release|Any CPU.Build.0 = Release|Any CPU
		{723DE344-2BED-4D69-A05A-1F51B61496D2}.Release|x64.ActiveCfg = Release|Any CPU
		{723DE344-2BED-4D69-A05A-1F51B61496D2}.Release|x64.Build.0 = Release|Any CPU
		{723DE344-2BED-4D69-A05A-1F51B61496D2}.Release|x86.ActiveCfg = Release|Any CPU
		{723DE344-2BED-4D69-A05A-1F51B61496D2}.Release|x86.Build.0 = Release|Any CPU
		{3E44D66B-1C32-4455-80E9-D8FF81562132}.Debug|Any CPU.ActiveCfg = Debug|Any CPU
		{3E44D66B-1C32-4455-80E9-D8FF81562132}.Debug|Any CPU.Build.0 = Debug|Any CPU
		{3E44D66B-1C32-4455-80E9-D8FF81562132}.Debug|x64.ActiveCfg = Debug|Any CPU
		{3E44D66B-1C32-4455-80E9-D8FF81562132}.Debug|x64.Build.0 = Debug|Any CPU
		{3E44D66B-1C32-4455-80E9-D8FF81562132}.Debug|x86.ActiveCfg = Debug|Any CPU
		{3E44D66B-1C32-4455-80E9-D8FF81562132}.Debug|x86.Build.0 = Debug|Any CPU
		{3E44D66B-1C32-4455-80E9-D8FF81562132}.Release|Any CPU.ActiveCfg = Release|Any CPU
		{3E44D66B-1C32-4455-80E9-D8FF81562132}.Release|Any CPU.Build.0 = Release|Any CPU
		{3E44D66B-1C32-4455-80E9-D8FF81562132}.Release|x64.ActiveCfg = Release|Any CPU
		{3E44D66B-1C32-4455-80E9-D8FF81562132}.Release|x64.Build.0 = Release|Any CPU
		{3E44D66B-1C32-4455-80E9-D8FF81562132}.Release|x86.ActiveCfg = Release|Any CPU
		{3E44D66B-1C32-4455-80E9-D8FF81562132}.Release|x86.Build.0 = Release|Any CPU
		{B5BCA785-E306-4866-A686-3E2BC9EDA7CF}.Debug|Any CPU.ActiveCfg = Debug|Any CPU
		{B5BCA785-E306-4866-A686-3E2BC9EDA7CF}.Debug|Any CPU.Build.0 = Debug|Any CPU
		{B5BCA785-E306-4866-A686-3E2BC9EDA7CF}.Debug|x64.ActiveCfg = Debug|Any CPU
		{B5BCA785-E306-4866-A686-3E2BC9EDA7CF}.Debug|x64.Build.0 = Debug|Any CPU
		{B5BCA785-E306-4866-A686-3E2BC9EDA7CF}.Debug|x86.ActiveCfg = Debug|Any CPU
		{B5BCA785-E306-4866-A686-3E2BC9EDA7CF}.Debug|x86.Build.0 = Debug|Any CPU
		{B5BCA785-E306-4866-A686-3E2BC9EDA7CF}.Release|Any CPU.ActiveCfg = Release|Any CPU
		{B5BCA785-E306-4866-A686-3E2BC9EDA7CF}.Release|Any CPU.Build.0 = Release|Any CPU
		{B5BCA785-E306-4866-A686-3E2BC9EDA7CF}.Release|x64.ActiveCfg = Release|Any CPU
		{B5BCA785-E306-4866-A686-3E2BC9EDA7CF}.Release|x64.Build.0 = Release|Any CPU
		{B5BCA785-E306-4866-A686-3E2BC9EDA7CF}.Release|x86.ActiveCfg = Release|Any CPU
		{B5BCA785-E306-4866-A686-3E2BC9EDA7CF}.Release|x86.Build.0 = Release|Any CPU
	EndGlobalSection
	GlobalSection(SolutionProperties) = preSolution
		HideSolutionNode = FALSE
	EndGlobalSection
	GlobalSection(ExtensibilityGlobals) = postSolution
		SolutionGuid = {8214F03E-568C-4DD8-A134-F9DC52C51A17}
	EndGlobalSection
EndGlobal
