
Microsoft Visual Studio Solution File, Format Version 11.00
# Visual Studio 2010
Project("{FAE04EC0-301F-11D3-BF4B-00C04F79EFBC}") = "UsingRSAPKCS1SignatureFormat", "UsingRSAPKCS1SignatureFormat\UsingRSAPKCS1SignatureFormat.csproj", "{EF10CCF5-63F3-4822-B0B8-A3543CC411BD}"
EndProject
Global
	GlobalSection(SolutionConfigurationPlatforms) = preSolution
		Debug|x86 = Debug|x86
		Release|x86 = Release|x86
	EndGlobalSection
	GlobalSection(ProjectConfigurationPlatforms) = postSolution
		{EF10CCF5-63F3-4822-B0B8-A3543CC411BD}.Debug|x86.ActiveCfg = Debug|x86
		{EF10CCF5-63F3-4822-B0B8-A3543CC411BD}.Debug|x86.Build.0 = Debug|x86
		{EF10CCF5-63F3-4822-B0B8-A3543CC411BD}.Release|x86.ActiveCfg = Release|x86
		{EF10CCF5-63F3-4822-B0B8-A3543CC411BD}.Release|x86.Build.0 = Release|x86
	EndGlobalSection
	GlobalSection(SolutionProperties) = preSolution
		HideSolutionNode = FALSE
	EndGlobalSection
EndGlobal
